
Microsoft Visual Studio Solution File, Format Version 12.00
# Visual Studio Version 16
VisualStudioVersion = 16.0.32002.261
MinimumVisualStudioVersion = 10.0.40219.1
Project("{FAE04EC0-301F-11D3-BF4B-00C04F79EFBC}") = "WebAPI", "WebAPI\WebAPI.csproj", "{36A6BF57-2263-41DF-BC71-5F4EB87C0DDF}"
EndProject
Global
	GlobalSection(SolutionConfigurationPlatforms) = preSolution
		Debug|Any CPU = Debug|Any CPU
		Release|Any CPU = Release|Any CPU
	EndGlobalSection
	GlobalSection(ProjectConfigurationPlatforms) = postSolution
		{36A6BF57-2263-41DF-BC71-5F4EB87C0DDF}.Debug|Any CPU.ActiveCfg = Debug|Any CPU
		{36A6BF57-2263-41DF-BC71-5F4EB87C0DDF}.Debug|Any CPU.Build.0 = Debug|Any CPU
		{36A6BF57-2263-41DF-BC71-5F4EB87C0DDF}.Release|Any CPU.ActiveCfg = Release|Any CPU
		{36A6BF57-2263-41DF-BC71-5F4EB87C0DDF}.Release|Any CPU.Build.0 = Release|Any CPU
	EndGlobalSection
	GlobalSection(SolutionProperties) = preSolution
		HideSolutionNode = FALSE
	EndGlobalSection
	GlobalSection(ExtensibilityGlobals) = postSolution
		SolutionGuid = {8746E772-B5F1-4FC7-9EA0-DD9B6E5DC915}
	EndGlobalSection
EndGlobal
